
Microsoft Visual Studio Solution File, Format Version 12.00
# Visual Studio Version 17
VisualStudioVersion = 17.13.35919.96 d17.13
MinimumVisualStudioVersion = 10.0.40219.1
Project("{FAE04EC0-301F-11D3-BF4B-00C04F79EFBC}") = "GororobaAPI", "GororobaAPI.csproj", "{62959929-DC96-4737-BA03-D295A25C389C}"
EndProject
Global
	GlobalSection(SolutionConfigurationPlatforms) = preSolution
		Debug|Any CPU = Debug|Any CPU
		Release|Any CPU = Release|Any CPU
	EndGlobalSection
	GlobalSection(ProjectConfigurationPlatforms) = postSolution
		{62959929-DC96-4737-BA03-D295A25C389C}.Debug|Any CPU.ActiveCfg = Debug|Any CPU
		{62959929-DC96-4737-BA03-D295A25C389C}.Debug|Any CPU.Build.0 = Debug|Any CPU
		{62959929-DC96-4737-BA03-D295A25C389C}.Release|Any CPU.ActiveCfg = Release|Any CPU
		{62959929-DC96-4737-BA03-D295A25C389C}.Release|Any CPU.Build.0 = Release|Any CPU
	EndGlobalSection
	GlobalSection(SolutionProperties) = preSolution
		HideSolutionNode = FALSE
	EndGlobalSection
	GlobalSection(ExtensibilityGlobals) = postSolution
		SolutionGuid = {F1304BF8-1455-41BC-92FC-0A32E1CD6D6B}
	EndGlobalSection
EndGlobal
